
Microsoft Visual Studio Solution File, Format Version 12.00
# Visual Studio Version 17
VisualStudioVersion = 17.8.34511.84
MinimumVisualStudioVersion = 10.0.40219.1
Project("{FAE04EC0-301F-11D3-BF4B-00C04F79EFBC}") = "RunningStaticApp", "RunningStaticApp\RunningStaticApp.csproj", "{7ECF7DA1-502A-4ED7-8DCA-9FBC71B72A10}"
EndProject
Global
	GlobalSection(SolutionConfigurationPlatforms) = preSolution
		Debug|Any CPU = Debug|Any CPU
		Release|Any CPU = Release|Any CPU
	EndGlobalSection
	GlobalSection(ProjectConfigurationPlatforms) = postSolution
		{7ECF7DA1-502A-4ED7-8DCA-9FBC71B72A10}.Debug|Any CPU.ActiveCfg = Debug|Any CPU
		{7ECF7DA1-502A-4ED7-8DCA-9FBC71B72A10}.Debug|Any CPU.Build.0 = Debug|Any CPU
		{7ECF7DA1-502A-4ED7-8DCA-9FBC71B72A10}.Release|Any CPU.ActiveCfg = Release|Any CPU
		{7ECF7DA1-502A-4ED7-8DCA-9FBC71B72A10}.Release|Any CPU.Build.0 = Release|Any CPU
	EndGlobalSection
	GlobalSection(SolutionProperties) = preSolution
		HideSolutionNode = FALSE
	EndGlobalSection
	GlobalSection(ExtensibilityGlobals) = postSolution
		SolutionGuid = {BD60B6DE-43C6-4F85-978D-CA5E5C79CCC8}
	EndGlobalSection
EndGlobal
